{
  "version": 4,
  "terraform_version": "0.12.21",
  "serial": 74,
  "lineage": "c4411a17-52d9-eca0-16b8-70a878b2c663",
  "outputs": {},
  "resources": [
    {
      "module": "module.dev_vpc",
      "mode": "managed",
      "type": "aws_default_network_acl",
      "name": "default_nacl",
      "provider": "provider.aws",
      "instances": [
        {
          "schema_version": 0,
          "attributes": {
            "default_network_acl_id": "acl-05ab1f45e20170fb0",
            "egress": [
              {
                "action": "allow",
                "cidr_block": "0.0.0.0/0",
                "from_port": 0,
                "icmp_code": 0,
                "icmp_type": 0,
                "ipv6_cidr_block": "",
                "protocol": "-1",
                "rule_no": 100,
                "to_port": 0
              }
            ],
            "id": "acl-05ab1f45e20170fb0",
            "ingress": [
              {
                "action": "allow",
                "cidr_block": "0.0.0.0/0",
                "from_port": 0,
                "icmp_code": 0,
                "icmp_type": 0,
                "ipv6_cidr_block": "",
                "protocol": "-1",
                "rule_no": 100,
                "to_port": 0
              }
            ],
            "owner_id": "465676350109",
            "subnet_ids": [],
            "tags": {},
            "vpc_id": "vpc-07d3e5880f6558f9f"
          },
          "private": "bnVsbA==",
          "dependencies": [
            "module.dev_vpc.aws_vpc.main"
          ]
        }
      ]
    },
    {
      "module": "module.dev_vpc",
      "mode": "managed",
      "type": "aws_default_route_table",
      "name": "default_route_table",
      "provider": "provider.aws",
      "instances": [
        {
          "schema_version": 0,
          "attributes": {
            "default_route_table_id": "rtb-0060aa8ffd5e9a068",
            "id": "rtb-0060aa8ffd5e9a068",
            "owner_id": "465676350109",
            "propagating_vgws": [],
            "route": [],
            "tags": {
              "Name": "default"
            },
            "vpc_id": "vpc-07d3e5880f6558f9f"
          },
          "private": "bnVsbA==",
          "dependencies": [
            "module.dev_vpc.aws_vpc.main"
          ]
        }
      ]
    },
    {
      "module": "module.dev_vpc",
      "mode": "managed",
      "type": "aws_eip",
      "name": "nat",
      "provider": "provider.aws",
      "instances": [
        {
          "schema_version": 0,
          "attributes": {
            "allocation_id": null,
            "associate_with_private_ip": null,
            "association_id": "eipassoc-0ea65a953e2e74599",
            "domain": "vpc",
            "id": "eipalloc-069481f622ec32cc4",
            "instance": "",
            "network_interface": "eni-002b6695ffaa92cce",
            "private_dns": "ip-10-0-1-94.ec2.internal",
            "private_ip": "10.0.1.94",
            "public_dns": "ec2-3-213-194-7.compute-1.amazonaws.com",
            "public_ip": "3.213.194.7",
            "public_ipv4_pool": "amazon",
            "tags": {},
            "timeouts": null,
            "vpc": true
          },
          "private": "eyJlMmJmYjczMC1lY2FhLTExZTYtOGY4OC0zNDM2M2JjN2M0YzAiOnsiZGVsZXRlIjoxODAwMDAwMDAwMDAsInJlYWQiOjkwMDAwMDAwMDAwMCwidXBkYXRlIjozMDAwMDAwMDAwMDB9fQ==",
          "dependencies": [
            "module.dev_vpc.aws_internet_gateway.igw",
            "module.dev_vpc.aws_vpc.main"
          ]
        }
      ]
    },
    {
      "module": "module.dev_vpc",
      "mode": "managed",
      "type": "aws_internet_gateway",
      "name": "igw",
      "provider": "provider.aws",
      "instances": [
        {
          "schema_version": 0,
          "attributes": {
            "id": "igw-0899950c9d511496b",
            "owner_id": "465676350109",
            "tags": {
              "Name": "main"
            },
            "vpc_id": "vpc-07d3e5880f6558f9f"
          },
          "private": "bnVsbA==",
          "dependencies": [
            "module.dev_vpc.aws_vpc.main"
          ]
        }
      ]
    },
    {
      "module": "module.dev_vpc",
      "mode": "managed",
      "type": "aws_nat_gateway",
      "name": "natgw",
      "provider": "provider.aws",
      "instances": [
        {
          "schema_version": 0,
          "attributes": {
            "allocation_id": "eipalloc-069481f622ec32cc4",
            "id": "nat-080c65be070f8f650",
            "network_interface_id": "eni-002b6695ffaa92cce",
            "private_ip": "10.0.1.94",
            "public_ip": "3.213.194.7",
            "subnet_id": "subnet-05fcf10f64e388eef",
            "tags": {}
          },
          "private": "bnVsbA==",
          "dependencies": [
            "module.dev_vpc.aws_eip.nat",
            "module.dev_vpc.aws_subnet.public"
          ]
        }
      ]
    },
    {
      "module": "module.dev_vpc",
      "mode": "managed",
      "type": "aws_route_table",
      "name": "custom_route_table",
      "provider": "provider.aws",
      "instances": [
        {
          "schema_version": 0,
          "attributes": {
            "id": "rtb-0e7466af5435d26b7",
            "owner_id": "465676350109",
            "propagating_vgws": [],
            "route": [
              {
                "cidr_block": "0.0.0.0/0",
                "egress_only_gateway_id": "",
                "gateway_id": "igw-0899950c9d511496b",
                "instance_id": "",
                "ipv6_cidr_block": "",
                "nat_gateway_id": "",
                "network_interface_id": "",
                "transit_gateway_id": "",
                "vpc_peering_connection_id": ""
              }
            ],
            "tags": {
              "Name": "custom"
            },
            "vpc_id": "vpc-07d3e5880f6558f9f"
          },
          "private": "bnVsbA==",
          "dependencies": [
            "module.dev_vpc.aws_internet_gateway.igw",
            "module.dev_vpc.aws_vpc.main"
          ]
        }
      ]
    },
    {
      "module": "module.dev_vpc",
      "mode": "managed",
      "type": "aws_route_table_association",
      "name": "private_subnet_to_default_route_table",
      "provider": "provider.aws",
      "instances": [
        {
          "schema_version": 0,
          "attributes": {
            "gateway_id": null,
            "id": "rtbassoc-082c3ff3e77d41401",
            "route_table_id": "rtb-0060aa8ffd5e9a068",
            "subnet_id": "subnet-052af4cbda4640203"
          },
          "private": "bnVsbA==",
          "dependencies": [
            "module.dev_vpc.aws_default_route_table.default_route_table",
            "module.dev_vpc.aws_subnet.private",
            "module.dev_vpc.aws_vpc.main"
          ]
        }
      ]
    },
    {
      "module": "module.dev_vpc",
      "mode": "managed",
      "type": "aws_route_table_association",
      "name": "public_subnet_to_custom_route_table",
      "provider": "provider.aws",
      "instances": [
        {
          "schema_version": 0,
          "attributes": {
            "gateway_id": null,
            "id": "rtbassoc-0153abcf00b935a80",
            "route_table_id": "rtb-0e7466af5435d26b7",
            "subnet_id": "subnet-05fcf10f64e388eef"
          },
          "private": "bnVsbA==",
          "dependencies": [
            "module.dev_vpc.aws_internet_gateway.gw",
            "module.dev_vpc.aws_route_table.custom_route_table",
            "module.dev_vpc.aws_subnet.public",
            "module.dev_vpc.aws_vpc.main"
          ]
        }
      ]
    },
    {
      "module": "module.dev_vpc",
      "mode": "managed",
      "type": "aws_subnet",
      "name": "private",
      "provider": "provider.aws",
      "instances": [
        {
          "schema_version": 1,
          "attributes": {
            "arn": "arn:aws:ec2:us-east-1:465676350109:subnet/subnet-052af4cbda4640203",
            "assign_ipv6_address_on_creation": false,
            "availability_zone": "us-east-1b",
            "availability_zone_id": "use1-az1",
            "cidr_block": "10.0.2.0/24",
            "id": "subnet-052af4cbda4640203",
            "ipv6_cidr_block": "",
            "ipv6_cidr_block_association_id": "",
            "map_public_ip_on_launch": false,
            "owner_id": "465676350109",
            "tags": {
              "Name": "private"
            },
            "timeouts": null,
            "vpc_id": "vpc-07d3e5880f6558f9f"
          },
          "private": "eyJlMmJmYjczMC1lY2FhLTExZTYtOGY4OC0zNDM2M2JjN2M0YzAiOnsiY3JlYXRlIjo2MDAwMDAwMDAwMDAsImRlbGV0ZSI6MTIwMDAwMDAwMDAwMH0sInNjaGVtYV92ZXJzaW9uIjoiMSJ9",
          "dependencies": [
            "module.dev_vpc.aws_vpc.main"
          ]
        }
      ]
    },
    {
      "module": "module.dev_vpc",
      "mode": "managed",
      "type": "aws_subnet",
      "name": "public",
      "provider": "provider.aws",
      "instances": [
        {
          "schema_version": 1,
          "attributes": {
            "arn": "arn:aws:ec2:us-east-1:465676350109:subnet/subnet-05fcf10f64e388eef",
            "assign_ipv6_address_on_creation": false,
            "availability_zone": "us-east-1f",
            "availability_zone_id": "use1-az5",
            "cidr_block": "10.0.1.0/24",
            "id": "subnet-05fcf10f64e388eef",
            "ipv6_cidr_block": "",
            "ipv6_cidr_block_association_id": "",
            "map_public_ip_on_launch": false,
            "owner_id": "465676350109",
            "tags": {
              "Name": "public"
            },
            "timeouts": null,
            "vpc_id": "vpc-07d3e5880f6558f9f"
          },
          "private": "eyJlMmJmYjczMC1lY2FhLTExZTYtOGY4OC0zNDM2M2JjN2M0YzAiOnsiY3JlYXRlIjo2MDAwMDAwMDAwMDAsImRlbGV0ZSI6MTIwMDAwMDAwMDAwMH0sInNjaGVtYV92ZXJzaW9uIjoiMSJ9",
          "dependencies": [
            "module.dev_vpc.aws_vpc.main"
          ]
        }
      ]
    },
    {
      "module": "module.dev_vpc",
      "mode": "managed",
      "type": "aws_vpc",
      "name": "main",
      "provider": "provider.aws",
      "instances": [
        {
          "schema_version": 1,
          "attributes": {
            "arn": "arn:aws:ec2:us-east-1:465676350109:vpc/vpc-07d3e5880f6558f9f",
            "assign_generated_ipv6_cidr_block": false,
            "cidr_block": "10.0.0.0/16",
            "default_network_acl_id": "acl-05ab1f45e20170fb0",
            "default_route_table_id": "rtb-0060aa8ffd5e9a068",
            "default_security_group_id": "sg-07435d633aa57dd86",
            "dhcp_options_id": "dopt-b9baefc2",
            "enable_classiclink": false,
            "enable_classiclink_dns_support": false,
            "enable_dns_hostnames": false,
            "enable_dns_support": true,
            "id": "vpc-07d3e5880f6558f9f",
            "instance_tenancy": "default",
            "ipv6_association_id": "",
            "ipv6_cidr_block": "",
            "main_route_table_id": "rtb-0060aa8ffd5e9a068",
            "owner_id": "465676350109",
            "tags": {
              "Name": "main"
            }
          },
          "private": "eyJzY2hlbWFfdmVyc2lvbiI6IjEifQ=="
        }
      ]
    }
  ]
}
